
Microsoft Visual Studio Solution File, Format Version 12.00
# Visual Studio 2013
VisualStudioVersion = 12.0.30110.0
MinimumVisualStudioVersion = 10.0.40219.1
Project("{FAE04EC0-301F-11D3-BF4B-00C04F79EFBC}") = "MVVM Template Project", "MVVM Template Project\MVVM Template Project.csproj", "{0D83B556-00B5-45F7-82C2-4F4DC49DF4BE}"
EndProject
Project("{FAE04EC0-301F-11D3-BF4B-00C04F79EFBC}") = "MVVM Template UnitTest", "MVVM Template UnitTest\MVVM Template UnitTest.csproj", "{60A54E39-82FE-4D8D-8B01-CC9AF1366CA6}"
EndProject
Global
	GlobalSection(SolutionConfigurationPlatforms) = preSolution
		Debug|Any CPU = Debug|Any CPU
		Release|Any CPU = Release|Any CPU
	EndGlobalSection
	GlobalSection(ProjectConfigurationPlatforms) = postSolution
		{0D83B556-00B5-45F7-82C2-4F4DC49DF4BE}.Debug|Any CPU.ActiveCfg = Debug|Any CPU
		{0D83B556-00B5-45F7-82C2-4F4DC49DF4BE}.Debug|Any CPU.Build.0 = Debug|Any CPU
		{0D83B556-00B5-45F7-82C2-4F4DC49DF4BE}.Release|Any CPU.ActiveCfg = Release|Any CPU
		{0D83B556-00B5-45F7-82C2-4F4DC49DF4BE}.Release|Any CPU.Build.0 = Release|Any CPU
		{60A54E39-82FE-4D8D-8B01-CC9AF1366CA6}.Debug|Any CPU.ActiveCfg = Debug|Any CPU
		{60A54E39-82FE-4D8D-8B01-CC9AF1366CA6}.Debug|Any CPU.Build.0 = Debug|Any CPU
		{60A54E39-82FE-4D8D-8B01-CC9AF1366CA6}.Release|Any CPU.ActiveCfg = Release|Any CPU
		{60A54E39-82FE-4D8D-8B01-CC9AF1366CA6}.Release|Any CPU.Build.0 = Release|Any CPU
	EndGlobalSection
	GlobalSection(SolutionProperties) = preSolution
		HideSolutionNode = FALSE
	EndGlobalSection
	GlobalSection(CodealikeProperties) = postSolution
		SolutionGuid = 3f2b8c97-edc2-4a5e-b832-c88ca54d39de
	EndGlobalSection
EndGlobal
